// !$*UTF8*$!
{
	archiveVersion = 1;
	classes = {
	};
	objectVersion = 50;
	objects = {

/* Begin PBXBuildFile section */
		9B310A9F21E4AB51005357F5 /* EditMemeViewController.swift in Sources */ = {isa = PBXBuildFile; fileRef = 9B310A9E21E4AB51005357F5 /* EditMemeViewController.swift */; };
		9B5193A921E742510094CB31 /* MemeTableViewCell.swift in Sources */ = {isa = PBXBuildFile; fileRef = 9B5193A821E742510094CB31 /* MemeTableViewCell.swift */; };
		9BC9BE7D21E1D71C002F63E4 /* AppDelegate.swift in Sources */ = {isa = PBXBuildFile; fileRef = 9BC9BE7C21E1D71C002F63E4 /* AppDelegate.swift */; };
		9BC9BE7F21E1D71C002F63E4 /* ViewController.swift in Sources */ = {isa = PBXBuildFile; fileRef = 9BC9BE7E21E1D71C002F63E4 /* ViewController.swift */; };
		9BC9BE8221E1D71C002F63E4 /* Main.storyboard in Resources */ = {isa = PBXBuildFile; fileRef = 9BC9BE8021E1D71C002F63E4 /* Main.storyboard */; };
		9BC9BE8421E1D71D002F63E4 /* Assets.xcassets in Resources */ = {isa = PBXBuildFile; fileRef = 9BC9BE8321E1D71D002F63E4 /* Assets.xcassets */; };
		9BC9BE8721E1D71D002F63E4 /* LaunchScreen.storyboard in Resources */ = {isa = PBXBuildFile; fileRef = 9BC9BE8521E1D71D002F63E4 /* LaunchScreen.storyboard */; };
		9BC9BE8F21E36949002F63E4 /* MemeCollectionViewController.swift in Sources */ = {isa = PBXBuildFile; fileRef = 9BC9BE8E21E36949002F63E4 /* MemeCollectionViewController.swift */; };
		9BC9BE9121E37599002F63E4 /* Meme.swift in Sources */ = {isa = PBXBuildFile; fileRef = 9BC9BE9021E37599002F63E4 /* Meme.swift */; };
		9BC9BE9321E375C2002F63E4 /* MemeCollectionViewCell.swift in Sources */ = {isa = PBXBuildFile; fileRef = 9BC9BE9221E375C2002F63E4 /* MemeCollectionViewCell.swift */; };
		9BC9BE9521E3761D002F63E4 /* MemeDetailViewController.swift in Sources */ = {isa = PBXBuildFile; fileRef = 9BC9BE9421E3761D002F63E4 /* MemeDetailViewController.swift */; };
/* End PBXBuildFile section */

/* Begin PBXFileReference section */
		9B310A9E21E4AB51005357F5 /* EditMemeViewController.swift */ = {isa = PBXFileReference; lastKnownFileType = sourcecode.swift; path = EditMemeViewController.swift; sourceTree = "<group>"; };
		9B5193A821E742510094CB31 /* MemeTableViewCell.swift */ = {isa = PBXFileReference; lastKnownFileType = sourcecode.swift; path = MemeTableViewCell.swift; sourceTree = "<group>"; };
		9BC9BE7921E1D71C002F63E4 /* MemeME2.0.app */ = {isa = PBXFileReference; explicitFileType = wrapper.application; includeInIndex = 0; path = MemeME2.0.app; sourceTree = BUILT_PRODUCTS_DIR; };
		9BC9BE7C21E1D71C002F63E4 /* AppDelegate.swift */ = {isa = PBXFileReference; lastKnownFileType = sourcecode.swift; path = AppDelegate.swift; sourceTree = "<group>"; };
		9BC9BE7E21E1D71C002F63E4 /* ViewController.swift */ = {isa = PBXFileReference; lastKnownFileType = sourcecode.swift; path = ViewController.swift; sourceTree = "<group>"; };
		9BC9BE8121E1D71C002F63E4 /* Base */ = {isa = PBXFileReference; lastKnownFileType = file.storyboard; name = Base; path = Base.lproj/Main.storyboard; sourceTree = "<group>"; };
		9BC9BE8321E1D71D002F63E4 /* Assets.xcassets */ = {isa = PBXFileReference; lastKnownFileType = folder.assetcatalog; path = Assets.xcassets; sourceTree = "<group>"; };
		9BC9BE8621E1D71D002F63E4 /* Base */ = {isa = PBXFileReference; lastKnownFileType = file.storyboard; name = Base; path = Base.lproj/LaunchScreen.storyboard; sourceTree = "<group>"; };
		9BC9BE8821E1D71D002F63E4 /* Info.plist */ = {isa = PBXFileReference; lastKnownFileType = text.plist.xml; path = Info.plist; sourceTree = "<group>"; };
		9BC9BE8E21E36949002F63E4 /* MemeCollectionViewController.swift */ = {isa = PBXFileReference; lastKnownFileType = sourcecode.swift; path = MemeCollectionViewController.swift; sourceTree = "<group>"; };
		9BC9BE9021E37599002F63E4 /* Meme.swift */ = {isa = PBXFileReference; lastKnownFileType = sourcecode.swift; path = Meme.swift; sourceTree = "<group>"; };
		9BC9BE9221E375C2002F63E4 /* MemeCollectionViewCell.swift */ = {isa = PBXFileReference; lastKnownFileType = sourcecode.swift; path = MemeCollectionViewCell.swift; sourceTree = "<group>"; };
		9BC9BE9421E3761D002F63E4 /* MemeDetailViewController.swift */ = {isa = PBXFileReference; lastKnownFileType = sourcecode.swift; path = MemeDetailViewController.swift; sourceTree = "<group>"; };
/* End PBXFileReference section */

/* Begin PBXFrameworksBuildPhase section */
		9BC9BE7621E1D71C002F63E4 /* Frameworks */ = {
			isa = PBXFrameworksBuildPhase;
			buildActionMask = 2147483647;
			files = (
			);
			runOnlyForDeploymentPostprocessing = 0;
		};
/* End PBXFrameworksBuildPhase section */

/* Begin PBXGroup section */
		9BC9BE7021E1D71C002F63E4 = {
			isa = PBXGroup;
			children = (
				9BC9BE7B21E1D71C002F63E4 /* MemeME2.0 */,
				9BC9BE7A21E1D71C002F63E4 /* Products */,
			);
			sourceTree = "<group>";
		};
		9BC9BE7A21E1D71C002F63E4 /* Products */ = {
			isa = PBXGroup;
			children = (
				9BC9BE7921E1D71C002F63E4 /* MemeME2.0.app */,
			);
			name = Products;
			sourceTree = "<group>";
		};
		9BC9BE7B21E1D71C002F63E4 /* MemeME2.0 */ = {
			isa = PBXGroup;
			children = (
				9BC9BE7C21E1D71C002F63E4 /* AppDelegate.swift */,
				9BC9BE9021E37599002F63E4 /* Meme.swift */,
				9BC9BE7E21E1D71C002F63E4 /* ViewController.swift */,
				9BC9BE9221E375C2002F63E4 /* MemeCollectionViewCell.swift */,
				9BC9BE9421E3761D002F63E4 /* MemeDetailViewController.swift */,
				9BC9BE8E21E36949002F63E4 /* MemeCollectionViewController.swift */,
				9BC9BE8021E1D71C002F63E4 /* Main.storyboard */,
				9BC9BE8521E1D71D002F63E4 /* LaunchScreen.storyboard */,
				9BC9BE8321E1D71D002F63E4 /* Assets.xcassets */,
				9BC9BE8821E1D71D002F63E4 /* Info.plist */,
				9B310A9E21E4AB51005357F5 /* EditMemeViewController.swift */,
				9B5193A821E742510094CB31 /* MemeTableViewCell.swift */,
			);
			path = MemeME2.0;
			sourceTree = "<group>";
		};
/* End PBXGroup section */

/* Begin PBXNativeTarget section */
		9BC9BE7821E1D71C002F63E4 /* MemeME2.0 */ = {
			isa = PBXNativeTarget;
			buildConfigurationList = 9BC9BE8B21E1D71D002F63E4 /* Build configuration list for PBXNativeTarget "MemeME2.0" */;
			buildPhases = (
				9BC9BE7521E1D71C002F63E4 /* Sources */,
				9BC9BE7621E1D71C002F63E4 /* Frameworks */,
				9BC9BE7721E1D71C002F63E4 /* Resources */,
			);
			buildRules = (
			);
			dependencies = (
			);
			name = MemeME2.0;
			productName = MemeME2.0;
			productReference = 9BC9BE7921E1D71C002F63E4 /* MemeME2.0.app */;
			productType = "com.apple.product-type.application";
		};
/* End PBXNativeTarget section */

/* Begin PBXProject section */
		9BC9BE7121E1D71C002F63E4 /* Project object */ = {
			isa = PBXProject;
			attributes = {
				LastSwiftUpdateCheck = 1010;
				LastUpgradeCheck = 1010;
				ORGANIZATIONNAME = "Reem AlSalloom";
				TargetAttributes = {
					9BC9BE7821E1D71C002F63E4 = {
						CreatedOnToolsVersion = 10.1;
					};
				};
			};
			buildConfigurationList = 9BC9BE7421E1D71C002F63E4 /* Build configuration list for PBXProject "MemeME2.0" */;
			compatibilityVersion = "Xcode 9.3";
			developmentRegion = en;
			hasScannedForEncodings = 0;
			knownRegions = (
				en,
				Base,
			);
			mainGroup = 9BC9BE7021E1D71C002F63E4;
			productRefGroup = 9BC9BE7A21E1D71C002F63E4 /* Products */;
			projectDirPath = "";
			projectRoot = "";
			targets = (
				9BC9BE7821E1D71C002F63E4 /* MemeME2.0 */,
			);
		};
/* End PBXProject section */

/* Begin PBXResourcesBuildPhase section */
		9BC9BE7721E1D71C002F63E4 /* Resources */ = {
			isa = PBXResourcesBuildPhase;
			buildActionMask = 2147483647;
			files = (
				9BC9BE8721E1D71D002F63E4 /* LaunchScreen.storyboard in Resources */,
				9BC9BE8421E1D71D002F63E4 /* Assets.xcassets in Resources */,
				9BC9BE8221E1D71C002F63E4 /* Main.storyboard in Resources */,
			);
			runOnlyForDeploymentPostprocessing = 0;
		};
/* End PBXResourcesBuildPhase section */

/* Begin PBXSourcesBuildPhase section */
		9BC9BE7521E1D71C002F63E4 /* Sources */ = {
			isa = PBXSourcesBuildPhase;
			buildActionMask = 2147483647;
			files = (
				9BC9BE9321E375C2002F63E4 /* MemeCollectionViewCell.swift in Sources */,
				9B5193A921E742510094CB31 /* MemeTableViewCell.swift in Sources */,
				9BC9BE7F21E1D71C002F63E4 /* ViewController.swift in Sources */,
				9BC9BE9121E37599002F63E4 /* Meme.swift in Sources */,
				9BC9BE9521E3761D002F63E4 /* MemeDetailViewController.swift in Sources */,
				9BC9BE8F21E36949002F63E4 /* MemeCollectionViewController.swift in Sources */,
				9BC9BE7D21E1D71C002F63E4 /* AppDelegate.swift in Sources */,
				9B310A9F21E4AB51005357F5 /* EditMemeViewController.swift in Sources */,
			);
			runOnlyForDeploymentPostprocessing = 0;
		};
/* End PBXSourcesBuildPhase section */

/* Begin PBXVariantGroup section */
		9BC9BE8021E1D71C002F63E4 /* Main.storyboard */ = {
			isa = PBXVariantGroup;
			children = (
				9BC9BE8121E1D71C002F63E4 /* Base */,
			);
			name = Main.storyboard;
			sourceTree = "<group>";
		};
		9BC9BE8521E1D71D002F63E4 /* LaunchScreen.storyboard */ = {
			isa = PBXVariantGroup;
			children = (
				9BC9BE8621E1D71D002F63E4 /* Base */,
			);
			name = LaunchScreen.storyboard;
			sourceTree = "<group>";
		};
/* End PBXVariantGroup section */

/* Begin XCBuildConfiguration section */
		9BC9BE8921E1D71D002F63E4 /* Debug */ = {
			isa = XCBuildConfiguration;
			buildSettings = {
				ALWAYS_SEARCH_USER_PATHS = NO;
				CLANG_ANALYZER_NONNULL = YES;
				CLANG_ANALYZER_NUMBER_OBJECT_CONVERSION = YES_AGGRESSIVE;
				CLANG_CXX_LANGUAGE_STANDARD = "gnu++14";
				CLANG_CXX_LIBRARY = "libc++";
				CLANG_ENABLE_MODULES = YES;
				CLANG_ENABLE_OBJC_ARC = YES;
				CLANG_ENABLE_OBJC_WEAK = YES;
				CLANG_WARN_BLOCK_CAPTURE_AUTORELEASING = YES;
				CLANG_WARN_BOOL_CONVERSION = YES;
				CLANG_WARN_COMMA = YES;
				CLANG_WARN_CONSTANT_CONVERSION = YES;
				CLANG_WARN_DEPRECATED_OBJC_IMPLEMENTATIONS = YES;
				CLANG_WARN_DIRECT_OBJC_ISA_USAGE = YES_ERROR;
				CLANG_WARN_DOCUMENTATION_COMMENTS = YES;
				CLANG_WARN_EMPTY_BODY = YES;
				CLANG_WARN_ENUM_CONVERSION = YES;
				CLANG_WARN_INFINITE_RECURSION = YES;
				CLANG_WARN_INT_CONVERSION = YES;
				CLANG_WARN_NON_LITERAL_NULL_CONVERSION = YES;
				CLANG_WARN_OBJC_IMPLICIT_RETAIN_SELF = YES;
				CLANG_WARN_OBJC_LITERAL_CONVERSION = YES;
				CLANG_WARN_OBJC_ROOT_CLASS = YES_ERROR;
				CLANG_WARN_RANGE_LOOP_ANALYSIS = YES;
				CLANG_WARN_STRICT_PROTOTYPES = YES;
				CLANG_WARN_SUSPICIOUS_MOVE = YES;
				CLANG_WARN_UNGUARDED_AVAILABILITY = YES_AGGRESSIVE;
				CLANG_WARN_UNREACHABLE_CODE = YES;
				CLANG_WARN__DUPLICATE_METHOD_MATCH = YES;
				CODE_SIGN_IDENTITY = "iPhone Developer";
				COPY_PHASE_STRIP = NO;
				DEBUG_INFORMATION_FORMAT = dwarf;
				ENABLE_STRICT_OBJC_MSGSEND = YES;
				ENABLE_TESTABILITY = YES;
				GCC_C_LANGUAGE_STANDARD = gnu11;
				GCC_DYNAMIC_NO_PIC = NO;
				GCC_NO_COMMON_BLOCKS = YES;
				GCC_OPTIMIZATION_LEVEL = 0;
				GCC_PREPROCESSOR_DEFINITIONS = (
					"DEBUG=1",
					"$(inherited)",
				);
				GCC_WARN_64_TO_32_BIT_CONVERSION = YES;
				GCC_WARN_ABOUT_RETURN_TYPE = YES_ERROR;
				GCC_WARN_UNDECLARED_SELECTOR = YES;
				GCC_WARN_UNINITIALIZED_AUTOS = YES_AGGRESSIVE;
				GCC_WARN_UNUSED_FUNCTION = YES;
				GCC_WARN_UNUSED_VARIABLE = YES;
				IPHONEOS_DEPLOYMENT_TARGET = 12.1;
				MTL_ENABLE_DEBUG_INFO = INCLUDE_SOURCE;
				MTL_FAST_MATH = YES;
				ONLY_ACTIVE_ARCH = YES;
				SDKROOT = iphoneos;
				SWIFT_ACTIVE_COMPILATION_CONDITIONS = DEBUG;
				SWIFT_OPTIMIZATION_LEVEL = "-Onone";
			};
			name = Debug;
		};
		9BC9BE8A21E1D71D002F63E4 /* Release */ = {
			isa = XCBuildConfiguration;
			buildSettings = {
				ALWAYS_SEARCH_USER_PATHS = NO;
				CLANG_ANALYZER_NONNULL = YES;
				CLANG_ANALYZER_NUMBER_OBJECT_CONVERSION = YES_AGGRESSIVE;
				CLANG_CXX_LANGUAGE_STANDARD = "gnu++14";
				CLANG_CXX_LIBRARY = "libc++";
				CLANG_ENABLE_MODULES = YES;
				CLANG_ENABLE_OBJC_ARC = YES;
				CLANG_ENABLE_OBJC_WEAK = YES;
				CLANG_WARN_BLOCK_CAPTURE_AUTORELEASING = YES;
				CLANG_WARN_BOOL_CONVERSION = YES;
				CLANG_WARN_COMMA = YES;
				CLANG_WARN_CONSTANT_CONVERSION = YES;
				CLANG_WARN_DEPRECATED_OBJC_IMPLEMENTATIONS = YES;
				CLANG_WARN_DIRECT_OBJC_ISA_USAGE = YES_ERROR;
				CLANG_WARN_DOCUMENTATION_COMMENTS = YES;
				CLANG_WARN_EMPTY_BODY = YES;
				CLANG_WARN_ENUM_CONVERSION = YES;
				CLANG_WARN_INFINITE_RECURSION = YES;
				CLANG_WARN_INT_CONVERSION = YES;
				CLANG_WARN_NON_LITERAL_NULL_CONVERSION = YES;
				CLANG_WARN_OBJC_IMPLICIT_RETAIN_SELF = YES;
				CLANG_WARN_OBJC_LITERAL_CONVERSION = YES;
				CLANG_WARN_OBJC_ROOT_CLASS = YES_ERROR;
				CLANG_WARN_RANGE_LOOP_ANALYSIS = YES;
				CLANG_WARN_STRICT_PROTOTYPES = YES;
				CLANG_WARN_SUSPICIOUS_MOVE = YES;
				CLANG_WARN_UNGUARDED_AVAILABILITY = YES_AGGRESSIVE;
				CLANG_WARN_UNREACHABLE_CODE = YES;
				CLANG_WARN__DUPLICATE_METHOD_MATCH = YES;
				CODE_SIGN_IDENTITY = "iPhone Developer";
				COPY_PHASE_STRIP = NO;
				DEBUG_INFORMATION_FORMAT = "dwarf-with-dsym";
				ENABLE_NS_ASSERTIONS = NO;
				ENABLE_STRICT_OBJC_MSGSEND = YES;
				GCC_C_LANGUAGE_STANDARD = gnu11;
				GCC_NO_COMMON_BLOCKS = YES;
				GCC_WARN_64_TO_32_BIT_CONVERSION = YES;
				GCC_WARN_ABOUT_RETURN_TYPE = YES_ERROR;
				GCC_WARN_UNDECLARED_SELECTOR = YES;
				GCC_WARN_UNINITIALIZED_AUTOS = YES_AGGRESSIVE;
				GCC_WARN_UNUSED_FUNCTION = YES;
				GCC_WARN_UNUSED_VARIABLE = YES;
				IPHONEOS_DEPLOYMENT_TARGET = 12.1;
				MTL_ENABLE_DEBUG_INFO = NO;
				MTL_FAST_MATH = YES;
				SDKROOT = iphoneos;
				SWIFT_COMPILATION_MODE = wholemodule;
				SWIFT_OPTIMIZATION_LEVEL = "-O";
				VALIDATE_PRODUCT = YES;
			};
			name = Release;
		};
		9BC9BE8C21E1D71D002F63E4 /* Debug */ = {
			isa = XCBuildConfiguration;
			buildSettings = {
				ASSETCATALOG_COMPILER_APPICON_NAME = AppIcon;
				CODE_SIGN_STYLE = Automatic;
				INFOPLIST_FILE = MemeME2.0/Info.plist;
				LD_RUNPATH_SEARCH_PATHS = (
					"$(inherited)",
					"@executable_path/Frameworks",
				);
				PRODUCT_BUNDLE_IDENTIFIER = "com.reemsalloom.MemeME2-0";
				PRODUCT_NAME = "$(TARGET_NAME)";
				SWIFT_VERSION = 4.2;
				TARGETED_DEVICE_FAMILY = "1,2";
			};
			name = Debug;
		};
		9BC9BE8D21E1D71D002F63E4 /* Release */ = {
			isa = XCBuildConfiguration;
			buildSettings = {
				ASSETCATALOG_COMPILER_APPICON_NAME = AppIcon;
				CODE_SIGN_STYLE = Automatic;
				INFOPLIST_FILE = MemeME2.0/Info.plist;
				LD_RUNPATH_SEARCH_PATHS = (
					"$(inherited)",
					"@executable_path/Frameworks",
				);
				PRODUCT_BUNDLE_IDENTIFIER = "com.reemsalloom.MemeME2-0";
				PRODUCT_NAME = "$(TARGET_NAME)";
				SWIFT_VERSION = 4.2;
				TARGETED_DEVICE_FAMILY = "1,2";
			};
			name = Release;
		};
/* End XCBuildConfiguration section */

/* Begin XCConfigurationList section */
		9BC9BE7421E1D71C002F63E4 /* Build configuration list for PBXProject "MemeME2.0" */ = {
			isa = XCConfigurationList;
			buildConfigurations = (
				9BC9BE8921E1D71D002F63E4 /* Debug */,
				9BC9BE8A21E1D71D002F63E4 /* Release */,
			);
			defaultConfigurationIsVisible = 0;
			defaultConfigurationName = Release;
		};
		9BC9BE8B21E1D71D002F63E4 /* Build configuration list for PBXNativeTarget "MemeME2.0" */ = {
			isa = XCConfigurationList;
			buildConfigurations = (
				9BC9BE8C21E1D71D002F63E4 /* Debug */,
				9BC9BE8D21E1D71D002F63E4 /* Release */,
			);
			defaultConfigurationIsVisible = 0;
			defaultConfigurationName = Release;
		};
/* End XCConfigurationList section */
	};
	rootObject = 9BC9BE7121E1D71C002F63E4 /* Project object */;
}
